
Microsoft Visual Studio Solution File, Format Version 12.00
# Visual Studio Version 17
VisualStudioVersion = 17.14.36301.6
MinimumVisualStudioVersion = 10.0.40219.1
Project("{FAE04EC0-301F-11D3-BF4B-00C04F79EFBC}") = "PopsicleFactoryCo", "PopsicleFactoryCo\PopsicleFactoryCo.csproj", "{FD6B09AC-A6C4-494C-A1C7-C88451A30901}"
EndProject
Project("{FAE04EC0-301F-11D3-BF4B-00C04F79EFBC}") = "PopsicleFactoryCo.Tests", "TestProject1.Tests\PopsicleFactoryCo.Tests.csproj", "{FF9312AD-BDE1-44AE-B828-6E4FEDF981B5}"
EndProject
Global
	GlobalSection(SolutionConfigurationPlatforms) = preSolution
		Debug|Any CPU = Debug|Any CPU
		Release|Any CPU = Release|Any CPU
	EndGlobalSection
	GlobalSection(ProjectConfigurationPlatforms) = postSolution
		{FD6B09AC-A6C4-494C-A1C7-C88451A30901}.Debug|Any CPU.ActiveCfg = Debug|Any CPU
		{FD6B09AC-A6C4-494C-A1C7-C88451A30901}.Debug|Any CPU.Build.0 = Debug|Any CPU
		{FD6B09AC-A6C4-494C-A1C7-C88451A30901}.Release|Any CPU.ActiveCfg = Release|Any CPU
		{FD6B09AC-A6C4-494C-A1C7-C88451A30901}.Release|Any CPU.Build.0 = Release|Any CPU
		{FF9312AD-BDE1-44AE-B828-6E4FEDF981B5}.Debug|Any CPU.ActiveCfg = Debug|Any CPU
		{FF9312AD-BDE1-44AE-B828-6E4FEDF981B5}.Debug|Any CPU.Build.0 = Debug|Any CPU
		{FF9312AD-BDE1-44AE-B828-6E4FEDF981B5}.Release|Any CPU.ActiveCfg = Release|Any CPU
		{FF9312AD-BDE1-44AE-B828-6E4FEDF981B5}.Release|Any CPU.Build.0 = Release|Any CPU
	EndGlobalSection
	GlobalSection(SolutionProperties) = preSolution
		HideSolutionNode = FALSE
	EndGlobalSection
	GlobalSection(ExtensibilityGlobals) = postSolution
		SolutionGuid = {F8D86BAC-FA6E-45E0-B887-DFBC34338D47}
	EndGlobalSection
EndGlobal
